
Microsoft Visual Studio Solution File, Format Version 12.00
# Visual Studio Version 17
VisualStudioVersion = 17.14.36301.6 d17.14
MinimumVisualStudioVersion = 10.0.40219.1
Project("{FAE04EC0-301F-11D3-BF4B-00C04F79EFBC}") = "SauceDemo", "SauceDemo\SauceDemo.csproj", "{81200925-C3CE-447F-BFFC-0B9BA8A7B58A}"
EndProject
Global
	GlobalSection(SolutionConfigurationPlatforms) = preSolution
		Debug|Any CPU = Debug|Any CPU
		Release|Any CPU = Release|Any CPU
	EndGlobalSection
	GlobalSection(ProjectConfigurationPlatforms) = postSolution
		{81200925-C3CE-447F-BFFC-0B9BA8A7B58A}.Debug|Any CPU.ActiveCfg = Debug|Any CPU
		{81200925-C3CE-447F-BFFC-0B9BA8A7B58A}.Debug|Any CPU.Build.0 = Debug|Any CPU
		{81200925-C3CE-447F-BFFC-0B9BA8A7B58A}.Release|Any CPU.ActiveCfg = Release|Any CPU
		{81200925-C3CE-447F-BFFC-0B9BA8A7B58A}.Release|Any CPU.Build.0 = Release|Any CPU
	EndGlobalSection
	GlobalSection(SolutionProperties) = preSolution
		HideSolutionNode = FALSE
	EndGlobalSection
	GlobalSection(ExtensibilityGlobals) = postSolution
		SolutionGuid = {31F79D5C-5ACA-4794-8B27-742FBBFA51B4}
	EndGlobalSection
EndGlobal
